
Microsoft Visual Studio Solution File, Format Version 12.00
# Visual Studio Version 16
VisualStudioVersion = 16.0.31205.134
MinimumVisualStudioVersion = 10.0.40219.1
Project("{FAE04EC0-301F-11D3-BF4B-00C04F79EFBC}") = "Immediate Execution", "Immediate Execution.csproj", "{560FC3F3-11EF-4E1B-82C6-35B18755AB2C}"
EndProject
Global
	GlobalSection(SolutionConfigurationPlatforms) = preSolution
		Debug|Any CPU = Debug|Any CPU
		Release|Any CPU = Release|Any CPU
	EndGlobalSection
	GlobalSection(ProjectConfigurationPlatforms) = postSolution
		{560FC3F3-11EF-4E1B-82C6-35B18755AB2C}.Debug|Any CPU.ActiveCfg = Debug|Any CPU
		{560FC3F3-11EF-4E1B-82C6-35B18755AB2C}.Debug|Any CPU.Build.0 = Debug|Any CPU
		{560FC3F3-11EF-4E1B-82C6-35B18755AB2C}.Release|Any CPU.ActiveCfg = Release|Any CPU
		{560FC3F3-11EF-4E1B-82C6-35B18755AB2C}.Release|Any CPU.Build.0 = Release|Any CPU
	EndGlobalSection
	GlobalSection(SolutionProperties) = preSolution
		HideSolutionNode = FALSE
	EndGlobalSection
	GlobalSection(ExtensibilityGlobals) = postSolution
		SolutionGuid = {FD06FA3C-6C44-4A13-9317-1053EA859503}
	EndGlobalSection
EndGlobal
